
Microsoft Visual Studio Solution File, Format Version 12.00
# Visual Studio Version 17
VisualStudioVersion = 17.2.32516.85
MinimumVisualStudioVersion = 10.0.40219.1
Project("{FAE04EC0-301F-11D3-BF4B-00C04F79EFBC}") = "Cleverbot.Net", "Cleverbot.Net\Cleverbot.Net.csproj", "{16D788F4-109C-4E13-B68D-A44FECBC2BE1}"
EndProject
Project("{FAE04EC0-301F-11D3-BF4B-00C04F79EFBC}") = "Cleverbot.Net.Example", "Cleverbot.Net.Example\Cleverbot.Net.Example.csproj", "{AB11C8E8-5A88-4744-B328-DE552F7ACE2A}"
EndProject
Global
	GlobalSection(SolutionConfigurationPlatforms) = preSolution
		Debug|Any CPU = Debug|Any CPU
		Release|Any CPU = Release|Any CPU
	EndGlobalSection
	GlobalSection(ProjectConfigurationPlatforms) = postSolution
		{16D788F4-109C-4E13-B68D-A44FECBC2BE1}.Debug|Any CPU.ActiveCfg = Debug|Any CPU
		{16D788F4-109C-4E13-B68D-A44FECBC2BE1}.Debug|Any CPU.Build.0 = Debug|Any CPU
		{16D788F4-109C-4E13-B68D-A44FECBC2BE1}.Release|Any CPU.ActiveCfg = Release|Any CPU
		{16D788F4-109C-4E13-B68D-A44FECBC2BE1}.Release|Any CPU.Build.0 = Release|Any CPU
		{AB11C8E8-5A88-4744-B328-DE552F7ACE2A}.Debug|Any CPU.ActiveCfg = Debug|Any CPU
		{AB11C8E8-5A88-4744-B328-DE552F7ACE2A}.Debug|Any CPU.Build.0 = Debug|Any CPU
		{AB11C8E8-5A88-4744-B328-DE552F7ACE2A}.Release|Any CPU.ActiveCfg = Release|Any CPU
		{AB11C8E8-5A88-4744-B328-DE552F7ACE2A}.Release|Any CPU.Build.0 = Release|Any CPU
	EndGlobalSection
	GlobalSection(SolutionProperties) = preSolution
		HideSolutionNode = FALSE
	EndGlobalSection
	GlobalSection(ExtensibilityGlobals) = postSolution
		SolutionGuid = {FD581F19-C02D-4242-A68A-C81C7DE1D9B3}
	EndGlobalSection
EndGlobal
